
Microsoft Visual Studio Solution File, Format Version 12.00
# Visual Studio Version 17
VisualStudioVersion = 17.3.32804.467
MinimumVisualStudioVersion = 10.0.40219.1
Project("{FAE04EC0-301F-11D3-BF4B-00C04F79EFBC}") = "Api.NET6", "Api.NET6\Api.NET6.csproj", "{946DEE1B-F609-4EC8-96FB-AC6803C7DC8B}"
EndProject
Global
	GlobalSection(SolutionConfigurationPlatforms) = preSolution
		Debug|Any CPU = Debug|Any CPU
		Release|Any CPU = Release|Any CPU
	EndGlobalSection
	GlobalSection(ProjectConfigurationPlatforms) = postSolution
		{946DEE1B-F609-4EC8-96FB-AC6803C7DC8B}.Debug|Any CPU.ActiveCfg = Debug|Any CPU
		{946DEE1B-F609-4EC8-96FB-AC6803C7DC8B}.Debug|Any CPU.Build.0 = Debug|Any CPU
		{946DEE1B-F609-4EC8-96FB-AC6803C7DC8B}.Release|Any CPU.ActiveCfg = Release|Any CPU
		{946DEE1B-F609-4EC8-96FB-AC6803C7DC8B}.Release|Any CPU.Build.0 = Release|Any CPU
	EndGlobalSection
	GlobalSection(SolutionProperties) = preSolution
		HideSolutionNode = FALSE
	EndGlobalSection
	GlobalSection(ExtensibilityGlobals) = postSolution
		SolutionGuid = {A9A7F76D-B707-4394-B421-1AA198A7D60F}
	EndGlobalSection
EndGlobal
